
Microsoft Visual Studio Solution File, Format Version 12.00
# Visual Studio Version 17
VisualStudioVersion = 17.7.34009.444
MinimumVisualStudioVersion = 10.0.40219.1
Project("{FAE04EC0-301F-11D3-BF4B-00C04F79EFBC}") = "Lab_2", "Lab_2\Lab_2.csproj", "{BBD40CFB-5F96-4584-8D06-78A681A018D2}"
EndProject
Project("{FAE04EC0-301F-11D3-BF4B-00C04F79EFBC}") = "Lab_2.Services", "Lab_2.Services\Lab_2.Services.csproj", "{84A802A4-C92B-499B-9A10-77D0DE3EC51A}"
EndProject
Global
	GlobalSection(SolutionConfigurationPlatforms) = preSolution
		Debug|Any CPU = Debug|Any CPU
		Release|Any CPU = Release|Any CPU
	EndGlobalSection
	GlobalSection(ProjectConfigurationPlatforms) = postSolution
		{BBD40CFB-5F96-4584-8D06-78A681A018D2}.Debug|Any CPU.ActiveCfg = Debug|Any CPU
		{BBD40CFB-5F96-4584-8D06-78A681A018D2}.Debug|Any CPU.Build.0 = Debug|Any CPU
		{BBD40CFB-5F96-4584-8D06-78A681A018D2}.Release|Any CPU.ActiveCfg = Release|Any CPU
		{BBD40CFB-5F96-4584-8D06-78A681A018D2}.Release|Any CPU.Build.0 = Release|Any CPU
		{84A802A4-C92B-499B-9A10-77D0DE3EC51A}.Debug|Any CPU.ActiveCfg = Debug|Any CPU
		{84A802A4-C92B-499B-9A10-77D0DE3EC51A}.Debug|Any CPU.Build.0 = Debug|Any CPU
		{84A802A4-C92B-499B-9A10-77D0DE3EC51A}.Release|Any CPU.ActiveCfg = Release|Any CPU
		{84A802A4-C92B-499B-9A10-77D0DE3EC51A}.Release|Any CPU.Build.0 = Release|Any CPU
	EndGlobalSection
	GlobalSection(SolutionProperties) = preSolution
		HideSolutionNode = FALSE
	EndGlobalSection
	GlobalSection(ExtensibilityGlobals) = postSolution
		SolutionGuid = {1206E361-315D-48A8-B0FA-15AC23EE8ABF}
	EndGlobalSection
EndGlobal
